
Microsoft Visual Studio Solution File, Format Version 12.00
# Visual Studio Version 16
VisualStudioVersion = 25.0.1703.6
MinimumVisualStudioVersion = 10.0.40219.1
Project("{FAE04EC0-301F-11D3-BF4B-00C04F79EFBC}") = "sammcdev", "sammcdev\sammcdev.csproj", "{DCB78E82-6AAB-4EBF-9852-B6E1A2CA1A92}"
EndProject
Global
	GlobalSection(SolutionConfigurationPlatforms) = preSolution
		Debug|Any CPU = Debug|Any CPU
		Release|Any CPU = Release|Any CPU
	EndGlobalSection
	GlobalSection(ProjectConfigurationPlatforms) = postSolution
		{DCB78E82-6AAB-4EBF-9852-B6E1A2CA1A92}.Debug|Any CPU.ActiveCfg = Debug|Any CPU
		{DCB78E82-6AAB-4EBF-9852-B6E1A2CA1A92}.Debug|Any CPU.Build.0 = Debug|Any CPU
		{DCB78E82-6AAB-4EBF-9852-B6E1A2CA1A92}.Release|Any CPU.ActiveCfg = Release|Any CPU
		{DCB78E82-6AAB-4EBF-9852-B6E1A2CA1A92}.Release|Any CPU.Build.0 = Release|Any CPU
	EndGlobalSection
	GlobalSection(SolutionProperties) = preSolution
		HideSolutionNode = FALSE
	EndGlobalSection
	GlobalSection(ExtensibilityGlobals) = postSolution
		SolutionGuid = {77ACAEBE-4CD3-4617-87DF-75B61C29312B}
	EndGlobalSection
EndGlobal
